
Microsoft Visual Studio Solution File, Format Version 12.00
Project("{FAE04EC0-301F-11D3-BF4B-00C04F79EFBC}") = "WordyBackend", "WordyBackend.csproj", "{AD1D6C42-C73A-4C14-B492-6701F40D9CC4}"
EndProject
Project("{2150E333-8FDC-42A3-9474-1A3956D46DE8}") = "Solution Items", "Solution Items", "{B369EED0-4E53-4DC4-B24A-1631484ADF88}"
	ProjectSection(SolutionItems) = preProject
		compose.yaml = compose.yaml
	EndProjectSection
EndProject
Global
	GlobalSection(SolutionConfigurationPlatforms) = preSolution
		Debug|Any CPU = Debug|Any CPU
		Release|Any CPU = Release|Any CPU
	EndGlobalSection
	GlobalSection(ProjectConfigurationPlatforms) = postSolution
		{AD1D6C42-C73A-4C14-B492-6701F40D9CC4}.Debug|Any CPU.ActiveCfg = Debug|Any CPU
		{AD1D6C42-C73A-4C14-B492-6701F40D9CC4}.Debug|Any CPU.Build.0 = Debug|Any CPU
		{AD1D6C42-C73A-4C14-B492-6701F40D9CC4}.Release|Any CPU.ActiveCfg = Release|Any CPU
		{AD1D6C42-C73A-4C14-B492-6701F40D9CC4}.Release|Any CPU.Build.0 = Release|Any CPU
	EndGlobalSection
EndGlobal
